
Microsoft Visual Studio Solution File, Format Version 12.00
# Visual Studio Version 16
VisualStudioVersion = 16.0.31205.134
MinimumVisualStudioVersion = 10.0.40219.1
Project("{9A19103F-16F7-4668-BE54-9A1E7A4F7556}") = "NTestDemo", "NTestDemo\NTestDemo.csproj", "{CE729250-5319-417D-B74B-77775BA408F2}"
EndProject
Project("{FAE04EC0-301F-11D3-BF4B-00C04F79EFBC}") = "SampleProject", "SampleProject\SampleProject.csproj", "{52E21E75-6F16-4842-BCC2-F6A338EA3754}"
EndProject
Global
	GlobalSection(SolutionConfigurationPlatforms) = preSolution
		Debug|Any CPU = Debug|Any CPU
		Release|Any CPU = Release|Any CPU
	EndGlobalSection
	GlobalSection(ProjectConfigurationPlatforms) = postSolution
		{CE729250-5319-417D-B74B-77775BA408F2}.Debug|Any CPU.ActiveCfg = Debug|Any CPU
		{CE729250-5319-417D-B74B-77775BA408F2}.Debug|Any CPU.Build.0 = Debug|Any CPU
		{CE729250-5319-417D-B74B-77775BA408F2}.Release|Any CPU.ActiveCfg = Release|Any CPU
		{CE729250-5319-417D-B74B-77775BA408F2}.Release|Any CPU.Build.0 = Release|Any CPU
		{52E21E75-6F16-4842-BCC2-F6A338EA3754}.Debug|Any CPU.ActiveCfg = Debug|Any CPU
		{52E21E75-6F16-4842-BCC2-F6A338EA3754}.Debug|Any CPU.Build.0 = Debug|Any CPU
		{52E21E75-6F16-4842-BCC2-F6A338EA3754}.Release|Any CPU.ActiveCfg = Release|Any CPU
		{52E21E75-6F16-4842-BCC2-F6A338EA3754}.Release|Any CPU.Build.0 = Release|Any CPU
	EndGlobalSection
	GlobalSection(SolutionProperties) = preSolution
		HideSolutionNode = FALSE
	EndGlobalSection
	GlobalSection(ExtensibilityGlobals) = postSolution
		SolutionGuid = {FCB697CD-A582-4E2C-9DEB-42FF7C2F2CF1}
	EndGlobalSection
EndGlobal
